
Microsoft Visual Studio Solution File, Format Version 12.00
# Visual Studio Version 16
VisualStudioVersion = 16.0.30320.27
MinimumVisualStudioVersion = 10.0.40219.1
Project("{FAE04EC0-301F-11D3-BF4B-00C04F79EFBC}") = "BlazorListBoxTest", "BlazorListBoxTest\BlazorListBoxTest.csproj", "{F27F0BC3-8506-48E8-A2C1-B6801933486F}"
EndProject
Global
	GlobalSection(SolutionConfigurationPlatforms) = preSolution
		Debug|Any CPU = Debug|Any CPU
		Release|Any CPU = Release|Any CPU
	EndGlobalSection
	GlobalSection(ProjectConfigurationPlatforms) = postSolution
		{F27F0BC3-8506-48E8-A2C1-B6801933486F}.Debug|Any CPU.ActiveCfg = Debug|Any CPU
		{F27F0BC3-8506-48E8-A2C1-B6801933486F}.Debug|Any CPU.Build.0 = Debug|Any CPU
		{F27F0BC3-8506-48E8-A2C1-B6801933486F}.Release|Any CPU.ActiveCfg = Release|Any CPU
		{F27F0BC3-8506-48E8-A2C1-B6801933486F}.Release|Any CPU.Build.0 = Release|Any CPU
	EndGlobalSection
	GlobalSection(SolutionProperties) = preSolution
		HideSolutionNode = FALSE
	EndGlobalSection
	GlobalSection(ExtensibilityGlobals) = postSolution
		SolutionGuid = {E29B0D1A-5851-4D3B-9F05-9DC2878449BE}
	EndGlobalSection
EndGlobal
